// !$*UTF8*$!
{
	archiveVersion = 1;
	classes = {
	};
	objectVersion = 77;
	objects = {

/* Begin PBXContainerItemProxy section */
		539D6FC72DF2D2B100F47767 /* PBXContainerItemProxy */ = {
			isa = PBXContainerItemProxy;
			containerPortal = 539D6FB12DF2D2AE00F47767 /* Project object */;
			proxyType = 1;
			remoteGlobalIDString = 539D6FB82DF2D2AE00F47767;
			remoteInfo = SyrianBeautyApp;
		};
		539D6FD12DF2D2B100F47767 /* PBXContainerItemProxy */ = {
			isa = PBXContainerItemProxy;
			containerPortal = 539D6FB12DF2D2AE00F47767 /* Project object */;
			proxyType = 1;
			remoteGlobalIDString = 539D6FB82DF2D2AE00F47767;
			remoteInfo = SyrianBeautyApp;
		};
/* End PBXContainerItemProxy section */

/* Begin PBXFileReference section */
		539D6FB92DF2D2AE00F47767 /* SyrianBeautyApp.app */ = {isa = PBXFileReference; explicitFileType = wrapper.application; includeInIndex = 0; path = SyrianBeautyApp.app; sourceTree = BUILT_PRODUCTS_DIR; };
		539D6FC62DF2D2B100F47767 /* SyrianBeautyAppTests.xctest */ = {isa = PBXFileReference; explicitFileType = wrapper.cfbundle; includeInIndex = 0; path = SyrianBeautyAppTests.xctest; sourceTree = BUILT_PRODUCTS_DIR; };
		539D6FD02DF2D2B100F47767 /* SyrianBeautyAppUITests.xctest */ = {isa = PBXFileReference; explicitFileType = wrapper.cfbundle; includeInIndex = 0; path = SyrianBeautyAppUITests.xctest; sourceTree = BUILT_PRODUCTS_DIR; };
/* End PBXFileReference section */

/* Begin PBXFileSystemSynchronizedRootGroup section */
		539D6FBB2DF2D2AE00F47767 /* SyrianBeautyApp */ = {
			isa = PBXFileSystemSynchronizedRootGroup;
			path = SyrianBeautyApp;
			sourceTree = "<group>";
		};
		539D6FC92DF2D2B100F47767 /* SyrianBeautyAppTests */ = {
			isa = PBXFileSystemSynchronizedRootGroup;
			path = SyrianBeautyAppTests;
			sourceTree = "<group>";
		};
		539D6FD32DF2D2B100F47767 /* SyrianBeautyAppUITests */ = {
			isa = PBXFileSystemSynchronizedRootGroup;
			path = SyrianBeautyAppUITests;
			sourceTree = "<group>";
		};
/* End PBXFileSystemSynchronizedRootGroup section */

/* Begin PBXFrameworksBuildPhase section */
		539D6FB62DF2D2AE00F47767 /* Frameworks */ = {
			isa = PBXFrameworksBuildPhase;
			buildActionMask = 2147483647;
			files = (
			);
			runOnlyForDeploymentPostprocessing = 0;
		};
		539D6FC32DF2D2B100F47767 /* Frameworks */ = {
			isa = PBXFrameworksBuildPhase;
			buildActionMask = 2147483647;
			files = (
			);
			runOnlyForDeploymentPostprocessing = 0;
		};
		539D6FCD2DF2D2B100F47767 /* Frameworks */ = {
			isa = PBXFrameworksBuildPhase;
			buildActionMask = 2147483647;
			files = (
			);
			runOnlyForDeploymentPostprocessing = 0;
		};
/* End PBXFrameworksBuildPhase section */

/* Begin PBXGroup section */
		539D6FB02DF2D2AE00F47767 = {
			isa = PBXGroup;
			children = (
				539D6FBB2DF2D2AE00F47767 /* SyrianBeautyApp */,
				539D6FC92DF2D2B100F47767 /* SyrianBeautyAppTests */,
				539D6FD32DF2D2B100F47767 /* SyrianBeautyAppUITests */,
				539D6FBA2DF2D2AE00F47767 /* Products */,
			);
			sourceTree = "<group>";
		};
		539D6FBA2DF2D2AE00F47767 /* Products */ = {
			isa = PBXGroup;
			children = (
				539D6FB92DF2D2AE00F47767 /* SyrianBeautyApp.app */,
				539D6FC62DF2D2B100F47767 /* SyrianBeautyAppTests.xctest */,
				539D6FD02DF2D2B100F47767 /* SyrianBeautyAppUITests.xctest */,
			);
			name = Products;
			sourceTree = "<group>";
		};
/* End PBXGroup section */

/* Begin PBXNativeTarget section */
		539D6FB82DF2D2AE00F47767 /* SyrianBeautyApp */ = {
			isa = PBXNativeTarget;
			buildConfigurationList = 539D6FDA2DF2D2B100F47767 /* Build configuration list for PBXNativeTarget "SyrianBeautyApp" */;
			buildPhases = (
				539D6FB52DF2D2AE00F47767 /* Sources */,
				539D6FB62DF2D2AE00F47767 /* Frameworks */,
				539D6FB72DF2D2AE00F47767 /* Resources */,
			);
			buildRules = (
			);
			dependencies = (
			);
			fileSystemSynchronizedGroups = (
				539D6FBB2DF2D2AE00F47767 /* SyrianBeautyApp */,
			);
			name = SyrianBeautyApp;
			packageProductDependencies = (
			);
			productName = SyrianBeautyApp;
			productReference = 539D6FB92DF2D2AE00F47767 /* SyrianBeautyApp.app */;
			productType = "com.apple.product-type.application";
		};
		539D6FC52DF2D2B100F47767 /* SyrianBeautyAppTests */ = {
			isa = PBXNativeTarget;
			buildConfigurationList = 539D6FDD2DF2D2B100F47767 /* Build configuration list for PBXNativeTarget "SyrianBeautyAppTests" */;
			buildPhases = (
				539D6FC22DF2D2B100F47767 /* Sources */,
				539D6FC32DF2D2B100F47767 /* Frameworks */,
				539D6FC42DF2D2B100F47767 /* Resources */,
			);
			buildRules = (
			);
			dependencies = (
				539D6FC82DF2D2B100F47767 /* PBXTargetDependency */,
			);
			fileSystemSynchronizedGroups = (
				539D6FC92DF2D2B100F47767 /* SyrianBeautyAppTests */,
			);
			name = SyrianBeautyAppTests;
			packageProductDependencies = (
			);
			productName = SyrianBeautyAppTests;
			productReference = 539D6FC62DF2D2B100F47767 /* SyrianBeautyAppTests.xctest */;
			productType = "com.apple.product-type.bundle.unit-test";
		};
		539D6FCF2DF2D2B100F47767 /* SyrianBeautyAppUITests */ = {
			isa = PBXNativeTarget;
			buildConfigurationList = 539D6FE02DF2D2B100F47767 /* Build configuration list for PBXNativeTarget "SyrianBeautyAppUITests" */;
			buildPhases = (
				539D6FCC2DF2D2B100F47767 /* Sources */,
				539D6FCD2DF2D2B100F47767 /* Frameworks */,
				539D6FCE2DF2D2B100F47767 /* Resources */,
			);
			buildRules = (
			);
			dependencies = (
				539D6FD22DF2D2B100F47767 /* PBXTargetDependency */,
			);
			fileSystemSynchronizedGroups = (
				539D6FD32DF2D2B100F47767 /* SyrianBeautyAppUITests */,
			);
			name = SyrianBeautyAppUITests;
			packageProductDependencies = (
			);
			productName = SyrianBeautyAppUITests;
			productReference = 539D6FD02DF2D2B100F47767 /* SyrianBeautyAppUITests.xctest */;
			productType = "com.apple.product-type.bundle.ui-testing";
		};
/* End PBXNativeTarget section */

/* Begin PBXProject section */
		539D6FB12DF2D2AE00F47767 /* Project object */ = {
			isa = PBXProject;
			attributes = {
				BuildIndependentTargetsInParallel = 1;
				LastSwiftUpdateCheck = 1640;
				LastUpgradeCheck = 1640;
				TargetAttributes = {
					539D6FB82DF2D2AE00F47767 = {
						CreatedOnToolsVersion = 16.4;
					};
					539D6FC52DF2D2B100F47767 = {
						CreatedOnToolsVersion = 16.4;
						TestTargetID = 539D6FB82DF2D2AE00F47767;
					};
					539D6FCF2DF2D2B100F47767 = {
						CreatedOnToolsVersion = 16.4;
						TestTargetID = 539D6FB82DF2D2AE00F47767;
					};
				};
			};
			buildConfigurationList = 539D6FB42DF2D2AE00F47767 /* Build configuration list for PBXProject "SyrianBeautyApp" */;
			developmentRegion = en;
			hasScannedForEncodings = 0;
			knownRegions = (
				en,
				Base,
			);
			mainGroup = 539D6FB02DF2D2AE00F47767;
			minimizedProjectReferenceProxies = 1;
			preferredProjectObjectVersion = 77;
			productRefGroup = 539D6FBA2DF2D2AE00F47767 /* Products */;
			projectDirPath = "";
			projectRoot = "";
			targets = (
				539D6FB82DF2D2AE00F47767 /* SyrianBeautyApp */,
				539D6FC52DF2D2B100F47767 /* SyrianBeautyAppTests */,
				539D6FCF2DF2D2B100F47767 /* SyrianBeautyAppUITests */,
			);
		};
/* End PBXProject section */

/* Begin PBXResourcesBuildPhase section */
		539D6FB72DF2D2AE00F47767 /* Resources */ = {
			isa = PBXResourcesBuildPhase;
			buildActionMask = 2147483647;
			files = (
			);
			runOnlyForDeploymentPostprocessing = 0;
		};
		539D6FC42DF2D2B100F47767 /* Resources */ = {
			isa = PBXResourcesBuildPhase;
			buildActionMask = 2147483647;
			files = (
			);
			runOnlyForDeploymentPostprocessing = 0;
		};
		539D6FCE2DF2D2B100F47767 /* Resources */ = {
			isa = PBXResourcesBuildPhase;
			buildActionMask = 2147483647;
			files = (
			);
			runOnlyForDeploymentPostprocessing = 0;
		};
/* End PBXResourcesBuildPhase section */

/* Begin PBXSourcesBuildPhase section */
		539D6FB52DF2D2AE00F47767 /* Sources */ = {
			isa = PBXSourcesBuildPhase;
			buildActionMask = 2147483647;
			files = (
			);
			runOnlyForDeploymentPostprocessing = 0;
		};
		539D6FC22DF2D2B100F47767 /* Sources */ = {
			isa = PBXSourcesBuildPhase;
			buildActionMask = 2147483647;
			files = (
			);
			runOnlyForDeploymentPostprocessing = 0;
		};
		539D6FCC2DF2D2B100F47767 /* Sources */ = {
			isa = PBXSourcesBuildPhase;
			buildActionMask = 2147483647;
			files = (
			);
			runOnlyForDeploymentPostprocessing = 0;
		};
/* End PBXSourcesBuildPhase section */

/* Begin PBXTargetDependency section */
		539D6FC82DF2D2B100F47767 /* PBXTargetDependency */ = {
			isa = PBXTargetDependency;
			target = 539D6FB82DF2D2AE00F47767 /* SyrianBeautyApp */;
			targetProxy = 539D6FC72DF2D2B100F47767 /* PBXContainerItemProxy */;
		};
		539D6FD22DF2D2B100F47767 /* PBXTargetDependency */ = {
			isa = PBXTargetDependency;
			target = 539D6FB82DF2D2AE00F47767 /* SyrianBeautyApp */;
			targetProxy = 539D6FD12DF2D2B100F47767 /* PBXContainerItemProxy */;
		};
/* End PBXTargetDependency section */

/* Begin XCBuildConfiguration section */
		539D6FD82DF2D2B100F47767 /* Debug */ = {
			isa = XCBuildConfiguration;
			buildSettings = {
				ALWAYS_SEARCH_USER_PATHS = NO;
				ASSETCATALOG_COMPILER_GENERATE_SWIFT_ASSET_SYMBOL_EXTENSIONS = YES;
				CLANG_ANALYZER_NONNULL = YES;
				CLANG_ANALYZER_NUMBER_OBJECT_CONVERSION = YES_AGGRESSIVE;
				CLANG_CXX_LANGUAGE_STANDARD = "gnu++20";
				CLANG_ENABLE_MODULES = YES;
				CLANG_ENABLE_OBJC_ARC = YES;
				CLANG_ENABLE_OBJC_WEAK = YES;
				CLANG_WARN_BLOCK_CAPTURE_AUTORELEASING = YES;
				CLANG_WARN_BOOL_CONVERSION = YES;
				CLANG_WARN_COMMA = YES;
				CLANG_WARN_CONSTANT_CONVERSION = YES;
				CLANG_WARN_DEPRECATED_OBJC_IMPLEMENTATIONS = YES;
				CLANG_WARN_DIRECT_OBJC_ISA_USAGE = YES_ERROR;
				CLANG_WARN_DOCUMENTATION_COMMENTS = YES;
				CLANG_WARN_EMPTY_BODY = YES;
				CLANG_WARN_ENUM_CONVERSION = YES;
				CLANG_WARN_INFINITE_RECURSION = YES;
				CLANG_WARN_INT_CONVERSION = YES;
				CLANG_WARN_NON_LITERAL_NULL_CONVERSION = YES;
				CLANG_WARN_OBJC_IMPLICIT_RETAIN_SELF = YES;
				CLANG_WARN_OBJC_LITERAL_CONVERSION = YES;
				CLANG_WARN_OBJC_ROOT_CLASS = YES_ERROR;
				CLANG_WARN_QUOTED_INCLUDE_IN_FRAMEWORK_HEADER = YES;
				CLANG_WARN_RANGE_LOOP_ANALYSIS = YES;
				CLANG_WARN_STRICT_PROTOTYPES = YES;
				CLANG_WARN_SUSPICIOUS_MOVE = YES;
				CLANG_WARN_UNGUARDED_AVAILABILITY = YES_AGGRESSIVE;
				CLANG_WARN_UNREACHABLE_CODE = YES;
				CLANG_WARN__DUPLICATE_METHOD_MATCH = YES;
				COPY_PHASE_STRIP = NO;
				DEBUG_INFORMATION_FORMAT = dwarf;
				ENABLE_STRICT_OBJC_MSGSEND = YES;
				ENABLE_TESTABILITY = YES;
				ENABLE_USER_SCRIPT_SANDBOXING = YES;
				GCC_C_LANGUAGE_STANDARD = gnu17;
				GCC_DYNAMIC_NO_PIC = NO;
				GCC_NO_COMMON_BLOCKS = YES;
				GCC_OPTIMIZATION_LEVEL = 0;
				GCC_PREPROCESSOR_DEFINITIONS = (
					"DEBUG=1",
					"$(inherited)",
				);
				GCC_WARN_64_TO_32_BIT_CONVERSION = YES;
				GCC_WARN_ABOUT_RETURN_TYPE = YES_ERROR;
				GCC_WARN_UNDECLARED_SELECTOR = YES;
				GCC_WARN_UNINITIALIZED_AUTOS = YES_AGGRESSIVE;
				GCC_WARN_UNUSED_FUNCTION = YES;
				GCC_WARN_UNUSED_VARIABLE = YES;
				IPHONEOS_DEPLOYMENT_TARGET = 18.5;
				LOCALIZATION_PREFERS_STRING_CATALOGS = YES;
				MTL_ENABLE_DEBUG_INFO = INCLUDE_SOURCE;
				MTL_FAST_MATH = YES;
				ONLY_ACTIVE_ARCH = YES;
				SDKROOT = iphoneos;
				SWIFT_ACTIVE_COMPILATION_CONDITIONS = "DEBUG $(inherited)";
				SWIFT_OPTIMIZATION_LEVEL = "-Onone";
			};
			name = Debug;
		};
		539D6FD92DF2D2B100F47767 /* Release */ = {
			isa = XCBuildConfiguration;
			buildSettings = {
				ALWAYS_SEARCH_USER_PATHS = NO;
				ASSETCATALOG_COMPILER_GENERATE_SWIFT_ASSET_SYMBOL_EXTENSIONS = YES;
				CLANG_ANALYZER_NONNULL = YES;
				CLANG_ANALYZER_NUMBER_OBJECT_CONVERSION = YES_AGGRESSIVE;
				CLANG_CXX_LANGUAGE_STANDARD = "gnu++20";
				CLANG_ENABLE_MODULES = YES;
				CLANG_ENABLE_OBJC_ARC = YES;
				CLANG_ENABLE_OBJC_WEAK = YES;
				CLANG_WARN_BLOCK_CAPTURE_AUTORELEASING = YES;
				CLANG_WARN_BOOL_CONVERSION = YES;
				CLANG_WARN_COMMA = YES;
				CLANG_WARN_CONSTANT_CONVERSION = YES;
				CLANG_WARN_DEPRECATED_OBJC_IMPLEMENTATIONS = YES;
				CLANG_WARN_DIRECT_OBJC_ISA_USAGE = YES_ERROR;
				CLANG_WARN_DOCUMENTATION_COMMENTS = YES;
				CLANG_WARN_EMPTY_BODY = YES;
				CLANG_WARN_ENUM_CONVERSION = YES;
				CLANG_WARN_INFINITE_RECURSION = YES;
				CLANG_WARN_INT_CONVERSION = YES;
				CLANG_WARN_NON_LITERAL_NULL_CONVERSION = YES;
				CLANG_WARN_OBJC_IMPLICIT_RETAIN_SELF = YES;
				CLANG_WARN_OBJC_LITERAL_CONVERSION = YES;
				CLANG_WARN_OBJC_ROOT_CLASS = YES_ERROR;
				CLANG_WARN_QUOTED_INCLUDE_IN_FRAMEWORK_HEADER = YES;
				CLANG_WARN_RANGE_LOOP_ANALYSIS = YES;
				CLANG_WARN_STRICT_PROTOTYPES = YES;
				CLANG_WARN_SUSPICIOUS_MOVE = YES;
				CLANG_WARN_UNGUARDED_AVAILABILITY = YES_AGGRESSIVE;
				CLANG_WARN_UNREACHABLE_CODE = YES;
				CLANG_WARN__DUPLICATE_METHOD_MATCH = YES;
				COPY_PHASE_STRIP = NO;
				DEBUG_INFORMATION_FORMAT = "dwarf-with-dsym";
				ENABLE_NS_ASSERTIONS = NO;
				ENABLE_STRICT_OBJC_MSGSEND = YES;
				ENABLE_USER_SCRIPT_SANDBOXING = YES;
				GCC_C_LANGUAGE_STANDARD = gnu17;
				GCC_NO_COMMON_BLOCKS = YES;
				GCC_WARN_64_TO_32_BIT_CONVERSION = YES;
				GCC_WARN_ABOUT_RETURN_TYPE = YES_ERROR;
				GCC_WARN_UNDECLARED_SELECTOR = YES;
				GCC_WARN_UNINITIALIZED_AUTOS = YES_AGGRESSIVE;
				GCC_WARN_UNUSED_FUNCTION = YES;
				GCC_WARN_UNUSED_VARIABLE = YES;
				IPHONEOS_DEPLOYMENT_TARGET = 18.5;
				LOCALIZATION_PREFERS_STRING_CATALOGS = YES;
				MTL_ENABLE_DEBUG_INFO = NO;
				MTL_FAST_MATH = YES;
				SDKROOT = iphoneos;
				SWIFT_COMPILATION_MODE = wholemodule;
				VALIDATE_PRODUCT = YES;
			};
			name = Release;
		};
		539D6FDB2DF2D2B100F47767 /* Debug */ = {
			isa = XCBuildConfiguration;
			buildSettings = {
				ASSETCATALOG_COMPILER_APPICON_NAME = AppIcon;
				ASSETCATALOG_COMPILER_GLOBAL_ACCENT_COLOR_NAME = AccentColor;
				CODE_SIGN_STYLE = Automatic;
				CURRENT_PROJECT_VERSION = 1;
				ENABLE_PREVIEWS = YES;
				GENERATE_INFOPLIST_FILE = YES;
				INFOPLIST_KEY_UIApplicationSceneManifest_Generation = YES;
				INFOPLIST_KEY_UIApplicationSupportsIndirectInputEvents = YES;
				INFOPLIST_KEY_UILaunchScreen_Generation = YES;
				INFOPLIST_KEY_UISupportedInterfaceOrientations_iPad = "UIInterfaceOrientationPortrait UIInterfaceOrientationPortraitUpsideDown UIInterfaceOrientationLandscapeLeft UIInterfaceOrientationLandscapeRight";
				INFOPLIST_KEY_UISupportedInterfaceOrientations_iPhone = "UIInterfaceOrientationPortrait UIInterfaceOrientationLandscapeLeft UIInterfaceOrientationLandscapeRight";
				LD_RUNPATH_SEARCH_PATHS = (
					"$(inherited)",
					"@executable_path/Frameworks",
				);
				MARKETING_VERSION = 1.0;
				PRODUCT_BUNDLE_IDENTIFIER = com.ali.SyrianBeautyApp;
				PRODUCT_NAME = "$(TARGET_NAME)";
				SWIFT_EMIT_LOC_STRINGS = YES;
				SWIFT_VERSION = 5.0;
				TARGETED_DEVICE_FAMILY = "1,2";
			};
			name = Debug;
		};
		539D6FDC2DF2D2B100F47767 /* Release */ = {
			isa = XCBuildConfiguration;
			buildSettings = {
				ASSETCATALOG_COMPILER_APPICON_NAME = AppIcon;
				ASSETCATALOG_COMPILER_GLOBAL_ACCENT_COLOR_NAME = AccentColor;
				CODE_SIGN_STYLE = Automatic;
				CURRENT_PROJECT_VERSION = 1;
				ENABLE_PREVIEWS = YES;
				GENERATE_INFOPLIST_FILE = YES;
				INFOPLIST_KEY_UIApplicationSceneManifest_Generation = YES;
				INFOPLIST_KEY_UIApplicationSupportsIndirectInputEvents = YES;
				INFOPLIST_KEY_UILaunchScreen_Generation = YES;
				INFOPLIST_KEY_UISupportedInterfaceOrientations_iPad = "UIInterfaceOrientationPortrait UIInterfaceOrientationPortraitUpsideDown UIInterfaceOrientationLandscapeLeft UIInterfaceOrientationLandscapeRight";
				INFOPLIST_KEY_UISupportedInterfaceOrientations_iPhone = "UIInterfaceOrientationPortrait UIInterfaceOrientationLandscapeLeft UIInterfaceOrientationLandscapeRight";
				LD_RUNPATH_SEARCH_PATHS = (
					"$(inherited)",
					"@executable_path/Frameworks",
				);
				MARKETING_VERSION = 1.0;
				PRODUCT_BUNDLE_IDENTIFIER = com.ali.SyrianBeautyApp;
				PRODUCT_NAME = "$(TARGET_NAME)";
				SWIFT_EMIT_LOC_STRINGS = YES;
				SWIFT_VERSION = 5.0;
				TARGETED_DEVICE_FAMILY = "1,2";
			};
			name = Release;
		};
		539D6FDE2DF2D2B100F47767 /* Debug */ = {
			isa = XCBuildConfiguration;
			buildSettings = {
				BUNDLE_LOADER = "$(TEST_HOST)";
				CODE_SIGN_STYLE = Automatic;
				CURRENT_PROJECT_VERSION = 1;
				GENERATE_INFOPLIST_FILE = YES;
				IPHONEOS_DEPLOYMENT_TARGET = 18.5;
				MARKETING_VERSION = 1.0;
				PRODUCT_BUNDLE_IDENTIFIER = com.ali.SyrianBeautyAppTests;
				PRODUCT_NAME = "$(TARGET_NAME)";
				SWIFT_EMIT_LOC_STRINGS = NO;
				SWIFT_VERSION = 5.0;
				TARGETED_DEVICE_FAMILY = "1,2";
				TEST_HOST = "$(BUILT_PRODUCTS_DIR)/SyrianBeautyApp.app/$(BUNDLE_EXECUTABLE_FOLDER_PATH)/SyrianBeautyApp";
			};
			name = Debug;
		};
		539D6FDF2DF2D2B100F47767 /* Release */ = {
			isa = XCBuildConfiguration;
			buildSettings = {
				BUNDLE_LOADER = "$(TEST_HOST)";
				CODE_SIGN_STYLE = Automatic;
				CURRENT_PROJECT_VERSION = 1;
				GENERATE_INFOPLIST_FILE = YES;
				IPHONEOS_DEPLOYMENT_TARGET = 18.5;
				MARKETING_VERSION = 1.0;
				PRODUCT_BUNDLE_IDENTIFIER = com.ali.SyrianBeautyAppTests;
				PRODUCT_NAME = "$(TARGET_NAME)";
				SWIFT_EMIT_LOC_STRINGS = NO;
				SWIFT_VERSION = 5.0;
				TARGETED_DEVICE_FAMILY = "1,2";
				TEST_HOST = "$(BUILT_PRODUCTS_DIR)/SyrianBeautyApp.app/$(BUNDLE_EXECUTABLE_FOLDER_PATH)/SyrianBeautyApp";
			};
			name = Release;
		};
		539D6FE12DF2D2B100F47767 /* Debug */ = {
			isa = XCBuildConfiguration;
			buildSettings = {
				CODE_SIGN_STYLE = Automatic;
				CURRENT_PROJECT_VERSION = 1;
				GENERATE_INFOPLIST_FILE = YES;
				MARKETING_VERSION = 1.0;
				PRODUCT_BUNDLE_IDENTIFIER = com.ali.SyrianBeautyAppUITests;
				PRODUCT_NAME = "$(TARGET_NAME)";
				SWIFT_EMIT_LOC_STRINGS = NO;
				SWIFT_VERSION = 5.0;
				TARGETED_DEVICE_FAMILY = "1,2";
				TEST_TARGET_NAME = SyrianBeautyApp;
			};
			name = Debug;
		};
		539D6FE22DF2D2B100F47767 /* Release */ = {
			isa = XCBuildConfiguration;
			buildSettings = {
				CODE_SIGN_STYLE = Automatic;
				CURRENT_PROJECT_VERSION = 1;
				GENERATE_INFOPLIST_FILE = YES;
				MARKETING_VERSION = 1.0;
				PRODUCT_BUNDLE_IDENTIFIER = com.ali.SyrianBeautyAppUITests;
				PRODUCT_NAME = "$(TARGET_NAME)";
				SWIFT_EMIT_LOC_STRINGS = NO;
				SWIFT_VERSION = 5.0;
				TARGETED_DEVICE_FAMILY = "1,2";
				TEST_TARGET_NAME = SyrianBeautyApp;
			};
			name = Release;
		};
/* End XCBuildConfiguration section */

/* Begin XCConfigurationList section */
		539D6FB42DF2D2AE00F47767 /* Build configuration list for PBXProject "SyrianBeautyApp" */ = {
			isa = XCConfigurationList;
			buildConfigurations = (
				539D6FD82DF2D2B100F47767 /* Debug */,
				539D6FD92DF2D2B100F47767 /* Release */,
			);
			defaultConfigurationIsVisible = 0;
			defaultConfigurationName = Release;
		};
		539D6FDA2DF2D2B100F47767 /* Build configuration list for PBXNativeTarget "SyrianBeautyApp" */ = {
			isa = XCConfigurationList;
			buildConfigurations = (
				539D6FDB2DF2D2B100F47767 /* Debug */,
				539D6FDC2DF2D2B100F47767 /* Release */,
			);
			defaultConfigurationIsVisible = 0;
			defaultConfigurationName = Release;
		};
		539D6FDD2DF2D2B100F47767 /* Build configuration list for PBXNativeTarget "SyrianBeautyAppTests" */ = {
			isa = XCConfigurationList;
			buildConfigurations = (
				539D6FDE2DF2D2B100F47767 /* Debug */,
				539D6FDF2DF2D2B100F47767 /* Release */,
			);
			defaultConfigurationIsVisible = 0;
			defaultConfigurationName = Release;
		};
		539D6FE02DF2D2B100F47767 /* Build configuration list for PBXNativeTarget "SyrianBeautyAppUITests" */ = {
			isa = XCConfigurationList;
			buildConfigurations = (
				539D6FE12DF2D2B100F47767 /* Debug */,
				539D6FE22DF2D2B100F47767 /* Release */,
			);
			defaultConfigurationIsVisible = 0;
			defaultConfigurationName = Release;
		};
/* End XCConfigurationList section */
	};
	rootObject = 539D6FB12DF2D2AE00F47767 /* Project object */;
}
